// !$*UTF8*$!
{
	archiveVersion = 1;
	classes = {
	};
	objectVersion = 51;
	objects = {

/* Begin PBXBuildFile section */
		CBBFDC7625E1749A00C9A22F /* Stopwords.swift in Sources */ = {isa = PBXBuildFile; fileRef = CBBFDC6A25E1749A00C9A22F /* Stopwords.swift */; };
		CBBFDC7725E1749A00C9A22F /* Array+Combinations.swift in Sources */ = {isa = PBXBuildFile; fileRef = CBBFDC6B25E1749A00C9A22F /* Array+Combinations.swift */; };
		CBBFDC7825E1749A00C9A22F /* Stemmer.swift in Sources */ = {isa = PBXBuildFile; fileRef = CBBFDC6C25E1749A00C9A22F /* Stemmer.swift */; };
		CBBFDC7925E1749A00C9A22F /* Sentence.swift in Sources */ = {isa = PBXBuildFile; fileRef = CBBFDC6D25E1749A00C9A22F /* Sentence.swift */; };
		CBBFDC7A25E1749A00C9A22F /* Summarizer.swift in Sources */ = {isa = PBXBuildFile; fileRef = CBBFDC6E25E1749A00C9A22F /* Summarizer.swift */; };
		CBBFDC7B25E1749A00C9A22F /* Reducto.swift in Sources */ = {isa = PBXBuildFile; fileRef = CBBFDC6F25E1749A00C9A22F /* Reducto.swift */; };
		CBBFDC7C25E1749A00C9A22F /* Reductio.swift in Sources */ = {isa = PBXBuildFile; fileRef = CBBFDC7025E1749A00C9A22F /* Reductio.swift */; };
		CBBFDC7D25E1749A00C9A22F /* Keyword.swift in Sources */ = {isa = PBXBuildFile; fileRef = CBBFDC7125E1749A00C9A22F /* Keyword.swift */; };
		CBBFDC7E25E1749A00C9A22F /* Search.swift in Sources */ = {isa = PBXBuildFile; fileRef = CBBFDC7225E1749A00C9A22F /* Search.swift */; };
		CBBFDC7F25E1749A00C9A22F /* TextRank.swift in Sources */ = {isa = PBXBuildFile; fileRef = CBBFDC7325E1749A00C9A22F /* TextRank.swift */; };
		E73A00221C692734001E7C83 /* ReductioTests.swift in Sources */ = {isa = PBXBuildFile; fileRef = E73A00211C692734001E7C83 /* ReductioTests.swift */; };
		E73A00241C692734001E7C83 /* Reductio.framework in Frameworks */ = {isa = PBXBuildFile; fileRef = E7D5B6761C503D6A00F4AC74 /* Reductio.framework */; };
/* End PBXBuildFile section */

/* Begin PBXContainerItemProxy section */
		E73A00251C692734001E7C83 /* PBXContainerItemProxy */ = {
			isa = PBXContainerItemProxy;
			containerPortal = E7D5B66D1C503D6A00F4AC74 /* Project object */;
			proxyType = 1;
			remoteGlobalIDString = E7D5B6751C503D6A00F4AC74;
			remoteInfo = Reductio;
		};
/* End PBXContainerItemProxy section */

/* Begin PBXFileReference section */
		CBBFDC6625E1749A00C9A22F /* Reductio.h */ = {isa = PBXFileReference; fileEncoding = 4; lastKnownFileType = sourcecode.c.h; path = Reductio.h; sourceTree = "<group>"; };
		CBBFDC6725E1749A00C9A22F /* Info.plist */ = {isa = PBXFileReference; fileEncoding = 4; lastKnownFileType = text.plist.xml; path = Info.plist; sourceTree = "<group>"; };
		CBBFDC6A25E1749A00C9A22F /* Stopwords.swift */ = {isa = PBXFileReference; fileEncoding = 4; lastKnownFileType = sourcecode.swift; path = Stopwords.swift; sourceTree = "<group>"; };
		CBBFDC6B25E1749A00C9A22F /* Array+Combinations.swift */ = {isa = PBXFileReference; fileEncoding = 4; lastKnownFileType = sourcecode.swift; path = "Array+Combinations.swift"; sourceTree = "<group>"; };
		CBBFDC6C25E1749A00C9A22F /* Stemmer.swift */ = {isa = PBXFileReference; fileEncoding = 4; lastKnownFileType = sourcecode.swift; path = Stemmer.swift; sourceTree = "<group>"; };
		CBBFDC6D25E1749A00C9A22F /* Sentence.swift */ = {isa = PBXFileReference; fileEncoding = 4; lastKnownFileType = sourcecode.swift; path = Sentence.swift; sourceTree = "<group>"; };
		CBBFDC6E25E1749A00C9A22F /* Summarizer.swift */ = {isa = PBXFileReference; fileEncoding = 4; lastKnownFileType = sourcecode.swift; path = Summarizer.swift; sourceTree = "<group>"; };
		CBBFDC6F25E1749A00C9A22F /* Reducto.swift */ = {isa = PBXFileReference; fileEncoding = 4; lastKnownFileType = sourcecode.swift; path = Reducto.swift; sourceTree = "<group>"; };
		CBBFDC7025E1749A00C9A22F /* Reductio.swift */ = {isa = PBXFileReference; fileEncoding = 4; lastKnownFileType = sourcecode.swift; path = Reductio.swift; sourceTree = "<group>"; };
		CBBFDC7125E1749A00C9A22F /* Keyword.swift */ = {isa = PBXFileReference; fileEncoding = 4; lastKnownFileType = sourcecode.swift; path = Keyword.swift; sourceTree = "<group>"; };
		CBBFDC7225E1749A00C9A22F /* Search.swift */ = {isa = PBXFileReference; fileEncoding = 4; lastKnownFileType = sourcecode.swift; path = Search.swift; sourceTree = "<group>"; };
		CBBFDC7325E1749A00C9A22F /* TextRank.swift */ = {isa = PBXFileReference; fileEncoding = 4; lastKnownFileType = sourcecode.swift; path = TextRank.swift; sourceTree = "<group>"; };
		E73A001F1C692734001E7C83 /* Tests.xctest */ = {isa = PBXFileReference; explicitFileType = wrapper.cfbundle; includeInIndex = 0; path = Tests.xctest; sourceTree = BUILT_PRODUCTS_DIR; };
		E73A00211C692734001E7C83 /* ReductioTests.swift */ = {isa = PBXFileReference; lastKnownFileType = sourcecode.swift; path = ReductioTests.swift; sourceTree = "<group>"; };
		E73A00231C692734001E7C83 /* Info.plist */ = {isa = PBXFileReference; lastKnownFileType = text.plist.xml; path = Info.plist; sourceTree = "<group>"; };
		E74D9E701EB8DE76000EE828 /* Common.xcconfig */ = {isa = PBXFileReference; fileEncoding = 4; lastKnownFileType = text.xcconfig; path = Common.xcconfig; sourceTree = "<group>"; };
		E74D9E721EB8DE76000EE828 /* Debug.xcconfig */ = {isa = PBXFileReference; fileEncoding = 4; lastKnownFileType = text.xcconfig; path = Debug.xcconfig; sourceTree = "<group>"; };
		E74D9E741EB8DE76000EE828 /* Release.xcconfig */ = {isa = PBXFileReference; fileEncoding = 4; lastKnownFileType = text.xcconfig; path = Release.xcconfig; sourceTree = "<group>"; };
		E74D9E761EB8DE76000EE828 /* Framework.xcconfig */ = {isa = PBXFileReference; fileEncoding = 4; lastKnownFileType = text.xcconfig; path = Framework.xcconfig; sourceTree = "<group>"; };
		E7D5B6761C503D6A00F4AC74 /* Reductio.framework */ = {isa = PBXFileReference; explicitFileType = wrapper.framework; includeInIndex = 0; path = Reductio.framework; sourceTree = BUILT_PRODUCTS_DIR; };
/* End PBXFileReference section */

/* Begin PBXFrameworksBuildPhase section */
		E73A001C1C692734001E7C83 /* Frameworks */ = {
			isa = PBXFrameworksBuildPhase;
			buildActionMask = 2147483647;
			files = (
				E73A00241C692734001E7C83 /* Reductio.framework in Frameworks */,
			);
			runOnlyForDeploymentPostprocessing = 0;
		};
		E7D5B6721C503D6A00F4AC74 /* Frameworks */ = {
			isa = PBXFrameworksBuildPhase;
			buildActionMask = 2147483647;
			files = (
			);
			runOnlyForDeploymentPostprocessing = 0;
		};
/* End PBXFrameworksBuildPhase section */

/* Begin PBXGroup section */
		CBBFDC6525E1749A00C9A22F /* Supporting Files */ = {
			isa = PBXGroup;
			children = (
				CBBFDC6625E1749A00C9A22F /* Reductio.h */,
				CBBFDC6725E1749A00C9A22F /* Info.plist */,
			);
			path = "Supporting Files";
			sourceTree = "<group>";
		};
		CBBFDC6825E1749A00C9A22F /* Sources */ = {
			isa = PBXGroup;
			children = (
				CBBFDC6925E1749A00C9A22F /* Reducto */,
			);
			path = Sources;
			sourceTree = "<group>";
		};
		CBBFDC6925E1749A00C9A22F /* Reducto */ = {
			isa = PBXGroup;
			children = (
				CBBFDC6A25E1749A00C9A22F /* Stopwords.swift */,
				CBBFDC6B25E1749A00C9A22F /* Array+Combinations.swift */,
				CBBFDC6C25E1749A00C9A22F /* Stemmer.swift */,
				CBBFDC6D25E1749A00C9A22F /* Sentence.swift */,
				CBBFDC6E25E1749A00C9A22F /* Summarizer.swift */,
				CBBFDC6F25E1749A00C9A22F /* Reducto.swift */,
				CBBFDC7025E1749A00C9A22F /* Reductio.swift */,
				CBBFDC7125E1749A00C9A22F /* Keyword.swift */,
				CBBFDC7225E1749A00C9A22F /* Search.swift */,
				CBBFDC7325E1749A00C9A22F /* TextRank.swift */,
			);
			path = Reducto;
			sourceTree = "<group>";
		};
		E73A00201C692734001E7C83 /* Tests */ = {
			isa = PBXGroup;
			children = (
				E73A00211C692734001E7C83 /* ReductioTests.swift */,
				E73A00231C692734001E7C83 /* Info.plist */,
			);
			path = Tests;
			sourceTree = "<group>";
		};
		E74D9E6F1EB8DE76000EE828 /* Configurations */ = {
			isa = PBXGroup;
			children = (
				E74D9E701EB8DE76000EE828 /* Common.xcconfig */,
				E74D9E761EB8DE76000EE828 /* Framework.xcconfig */,
				E74D9E711EB8DE76000EE828 /* Environments */,
			);
			path = Configurations;
			sourceTree = SOURCE_ROOT;
		};
		E74D9E711EB8DE76000EE828 /* Environments */ = {
			isa = PBXGroup;
			children = (
				E74D9E721EB8DE76000EE828 /* Debug.xcconfig */,
				E74D9E741EB8DE76000EE828 /* Release.xcconfig */,
			);
			path = Environments;
			sourceTree = "<group>";
		};
		E7D5B66C1C503D6A00F4AC74 = {
			isa = PBXGroup;
			children = (
				CBBFDC6825E1749A00C9A22F /* Sources */,
				CBBFDC6525E1749A00C9A22F /* Supporting Files */,
				E74D9E6F1EB8DE76000EE828 /* Configurations */,
				E73A00201C692734001E7C83 /* Tests */,
				E7D5B6771C503D6A00F4AC74 /* Products */,
			);
			sourceTree = "<group>";
		};
		E7D5B6771C503D6A00F4AC74 /* Products */ = {
			isa = PBXGroup;
			children = (
				E7D5B6761C503D6A00F4AC74 /* Reductio.framework */,
				E73A001F1C692734001E7C83 /* Tests.xctest */,
			);
			name = Products;
			sourceTree = "<group>";
		};
/* End PBXGroup section */

/* Begin PBXHeadersBuildPhase section */
		E7D5B6731C503D6A00F4AC74 /* Headers */ = {
			isa = PBXHeadersBuildPhase;
			buildActionMask = 2147483647;
			files = (
			);
			runOnlyForDeploymentPostprocessing = 0;
		};
/* End PBXHeadersBuildPhase section */

/* Begin PBXNativeTarget section */
		E73A001E1C692734001E7C83 /* Tests */ = {
			isa = PBXNativeTarget;
			buildConfigurationList = E73A00271C692734001E7C83 /* Build configuration list for PBXNativeTarget "Tests" */;
			buildPhases = (
				E73A001B1C692734001E7C83 /* Sources */,
				E73A001C1C692734001E7C83 /* Frameworks */,
				E73A001D1C692734001E7C83 /* Resources */,
			);
			buildRules = (
			);
			dependencies = (
				E73A00261C692734001E7C83 /* PBXTargetDependency */,
			);
			name = Tests;
			productName = Tests;
			productReference = E73A001F1C692734001E7C83 /* Tests.xctest */;
			productType = "com.apple.product-type.bundle.unit-test";
		};
		E7D5B6751C503D6A00F4AC74 /* Reductio */ = {
			isa = PBXNativeTarget;
			buildConfigurationList = E7D5B67E1C503D6A00F4AC74 /* Build configuration list for PBXNativeTarget "Reductio" */;
			buildPhases = (
				E74D9E7D1EB8DEC7000EE828 /* Swift Lint */,
				E7D5B6711C503D6A00F4AC74 /* Sources */,
				E7D5B6721C503D6A00F4AC74 /* Frameworks */,
				E7D5B6731C503D6A00F4AC74 /* Headers */,
				E7D5B6741C503D6A00F4AC74 /* Resources */,
			);
			buildRules = (
			);
			dependencies = (
			);
			name = Reductio;
			productName = Reductio;
			productReference = E7D5B6761C503D6A00F4AC74 /* Reductio.framework */;
			productType = "com.apple.product-type.framework";
		};
/* End PBXNativeTarget section */

/* Begin PBXProject section */
		E7D5B66D1C503D6A00F4AC74 /* Project object */ = {
			isa = PBXProject;
			attributes = {
				LastSwiftUpdateCheck = 0720;
				LastUpgradeCheck = 1000;
				ORGANIZATIONNAME = fdzsergio;
				TargetAttributes = {
					E73A001E1C692734001E7C83 = {
						CreatedOnToolsVersion = 7.2.1;
						LastSwiftMigration = 0810;
					};
					E7D5B6751C503D6A00F4AC74 = {
						CreatedOnToolsVersion = 7.2;
						LastSwiftMigration = 0810;
					};
				};
			};
			buildConfigurationList = E7D5B6701C503D6A00F4AC74 /* Build configuration list for PBXProject "Reductio" */;
			compatibilityVersion = "Xcode 10.0";
			developmentRegion = en;
			hasScannedForEncodings = 0;
			knownRegions = (
				en,
				Base,
			);
			mainGroup = E7D5B66C1C503D6A00F4AC74;
			productRefGroup = E7D5B6771C503D6A00F4AC74 /* Products */;
			projectDirPath = "";
			projectRoot = "";
			targets = (
				E7D5B6751C503D6A00F4AC74 /* Reductio */,
				E73A001E1C692734001E7C83 /* Tests */,
			);
		};
/* End PBXProject section */

/* Begin PBXResourcesBuildPhase section */
		E73A001D1C692734001E7C83 /* Resources */ = {
			isa = PBXResourcesBuildPhase;
			buildActionMask = 2147483647;
			files = (
			);
			runOnlyForDeploymentPostprocessing = 0;
		};
		E7D5B6741C503D6A00F4AC74 /* Resources */ = {
			isa = PBXResourcesBuildPhase;
			buildActionMask = 2147483647;
			files = (
			);
			runOnlyForDeploymentPostprocessing = 0;
		};
/* End PBXResourcesBuildPhase section */

/* Begin PBXShellScriptBuildPhase section */
		E74D9E7D1EB8DEC7000EE828 /* Swift Lint */ = {
			isa = PBXShellScriptBuildPhase;
			buildActionMask = 2147483647;
			files = (
			);
			inputPaths = (
			);
			name = "Swift Lint";
			outputPaths = (
			);
			runOnlyForDeploymentPostprocessing = 0;
			shellPath = /bin/sh;
			shellScript = "if which swiftlint >/dev/null; then\n    swiftlint\nelse\n    echo \"warning: SwiftLint not installed, download from https://github.com/realm/SwiftLint\"\nfi\n";
		};
/* End PBXShellScriptBuildPhase section */

/* Begin PBXSourcesBuildPhase section */
		E73A001B1C692734001E7C83 /* Sources */ = {
			isa = PBXSourcesBuildPhase;
			buildActionMask = 2147483647;
			files = (
				E73A00221C692734001E7C83 /* ReductioTests.swift in Sources */,
			);
			runOnlyForDeploymentPostprocessing = 0;
		};
		E7D5B6711C503D6A00F4AC74 /* Sources */ = {
			isa = PBXSourcesBuildPhase;
			buildActionMask = 2147483647;
			files = (
				CBBFDC7E25E1749A00C9A22F /* Search.swift in Sources */,
				CBBFDC7B25E1749A00C9A22F /* Reducto.swift in Sources */,
				CBBFDC7625E1749A00C9A22F /* Stopwords.swift in Sources */,
				CBBFDC7825E1749A00C9A22F /* Stemmer.swift in Sources */,
				CBBFDC7925E1749A00C9A22F /* Sentence.swift in Sources */,
				CBBFDC7A25E1749A00C9A22F /* Summarizer.swift in Sources */,
				CBBFDC7D25E1749A00C9A22F /* Keyword.swift in Sources */,
				CBBFDC7C25E1749A00C9A22F /* Reductio.swift in Sources */,
				CBBFDC7F25E1749A00C9A22F /* TextRank.swift in Sources */,
				CBBFDC7725E1749A00C9A22F /* Array+Combinations.swift in Sources */,
			);
			runOnlyForDeploymentPostprocessing = 0;
		};
/* End PBXSourcesBuildPhase section */

/* Begin PBXTargetDependency section */
		E73A00261C692734001E7C83 /* PBXTargetDependency */ = {
			isa = PBXTargetDependency;
			target = E7D5B6751C503D6A00F4AC74 /* Reductio */;
			targetProxy = E73A00251C692734001E7C83 /* PBXContainerItemProxy */;
		};
/* End PBXTargetDependency section */

/* Begin XCBuildConfiguration section */
		E73A00281C692734001E7C83 /* Debug */ = {
			isa = XCBuildConfiguration;
			buildSettings = {
				ALWAYS_EMBED_SWIFT_STANDARD_LIBRARIES = YES;
				INFOPLIST_FILE = Tests/Info.plist;
				PRODUCT_BUNDLE_IDENTIFIER = com.fdzsergio.Tests;
				PRODUCT_NAME = "$(TARGET_NAME)";
			};
			name = Debug;
		};
		E73A00291C692734001E7C83 /* Release */ = {
			isa = XCBuildConfiguration;
			buildSettings = {
				ALWAYS_EMBED_SWIFT_STANDARD_LIBRARIES = YES;
				INFOPLIST_FILE = Tests/Info.plist;
				PRODUCT_BUNDLE_IDENTIFIER = com.fdzsergio.Tests;
				PRODUCT_NAME = "$(TARGET_NAME)";
			};
			name = Release;
		};
		E7D5B67C1C503D6A00F4AC74 /* Debug */ = {
			isa = XCBuildConfiguration;
			baseConfigurationReference = E74D9E721EB8DE76000EE828 /* Debug.xcconfig */;
			buildSettings = {
				IPHONEOS_DEPLOYMENT_TARGET = 8.0;
				MACOSX_DEPLOYMENT_TARGET = 10.10;
				SWIFT_VERSION = 5.0;
				TVOS_DEPLOYMENT_TARGET = 10.0;
				WATCHOS_DEPLOYMENT_TARGET = 2.0;
			};
			name = Debug;
		};
		E7D5B67D1C503D6A00F4AC74 /* Release */ = {
			isa = XCBuildConfiguration;
			baseConfigurationReference = E74D9E741EB8DE76000EE828 /* Release.xcconfig */;
			buildSettings = {
				IPHONEOS_DEPLOYMENT_TARGET = 8.0;
				MACOSX_DEPLOYMENT_TARGET = 10.10;
				SWIFT_VERSION = 5.0;
				TVOS_DEPLOYMENT_TARGET = 10.0;
				WATCHOS_DEPLOYMENT_TARGET = 2.0;
			};
			name = Release;
		};
		E7D5B67F1C503D6A00F4AC74 /* Debug */ = {
			isa = XCBuildConfiguration;
			buildSettings = {
				INFOPLIST_FILE = "Supporting Files/Info.plist";
				PRODUCT_BUNDLE_IDENTIFIER = com.fdzsergio.Reductio;
				PRODUCT_NAME = "$(TARGET_NAME)";
			};
			name = Debug;
		};
		E7D5B6801C503D6A00F4AC74 /* Release */ = {
			isa = XCBuildConfiguration;
			buildSettings = {
				INFOPLIST_FILE = "Supporting Files/Info.plist";
				PRODUCT_BUNDLE_IDENTIFIER = com.fdzsergio.Reductio;
				PRODUCT_NAME = "$(TARGET_NAME)";
			};
			name = Release;
		};
/* End XCBuildConfiguration section */

/* Begin XCConfigurationList section */
		E73A00271C692734001E7C83 /* Build configuration list for PBXNativeTarget "Tests" */ = {
			isa = XCConfigurationList;
			buildConfigurations = (
				E73A00281C692734001E7C83 /* Debug */,
				E73A00291C692734001E7C83 /* Release */,
			);
			defaultConfigurationIsVisible = 0;
			defaultConfigurationName = Release;
		};
		E7D5B6701C503D6A00F4AC74 /* Build configuration list for PBXProject "Reductio" */ = {
			isa = XCConfigurationList;
			buildConfigurations = (
				E7D5B67C1C503D6A00F4AC74 /* Debug */,
				E7D5B67D1C503D6A00F4AC74 /* Release */,
			);
			defaultConfigurationIsVisible = 0;
			defaultConfigurationName = Release;
		};
		E7D5B67E1C503D6A00F4AC74 /* Build configuration list for PBXNativeTarget "Reductio" */ = {
			isa = XCConfigurationList;
			buildConfigurations = (
				E7D5B67F1C503D6A00F4AC74 /* Debug */,
				E7D5B6801C503D6A00F4AC74 /* Release */,
			);
			defaultConfigurationIsVisible = 0;
			defaultConfigurationName = Release;
		};
/* End XCConfigurationList section */
	};
	rootObject = E7D5B66D1C503D6A00F4AC74 /* Project object */;
}
